{
  "name": "live-agency-skills",
  "version": "0.0.0",
  "lockfileVersion": 3,
  "requires": true,
  "packages": {
    "": {
      "name": "live-agency-skills",
      "version": "0.0.0",
      "workspaces": [
        "packages/*",
        "fixtures/*"
      ],
      "dependencies": {
        "@fixture/activity-pasted-source": "1.0.0",
        "@fixture/invitation-instruction-source": "1.0.0",
        "@live-agency-skills/source-provider-api": "1.0.0"
      }
    },
    "fixtures/activity-pasted-source": {
      "name": "@fixture/activity-pasted-source",
      "version": "1.0.0",
      "peerDependencies": {
        "@live-agency-skills/source-provider-api": "^1.0.0"
      }
    },
    "fixtures/invitation-instruction-source": {
      "name": "@fixture/invitation-instruction-source",
      "version": "1.0.0",
      "peerDependencies": {
        "@live-agency-skills/source-provider-api": "^1.0.0"
      }
    },
    "node_modules/@fixture/activity-pasted-source": {
      "resolved": "fixtures/activity-pasted-source",
      "link": true
    },
    "node_modules/@fixture/invitation-instruction-source": {
      "resolved": "fixtures/invitation-instruction-source",
      "link": true
    },
    "node_modules/@live-agency-skills/source-provider-api": {
      "resolved": "packages/source-provider-api",
      "link": true
    },
    "packages/source-provider-api": {
      "name": "@live-agency-skills/source-provider-api",
      "version": "1.0.0",
      "license": "MIT"
    },
    "test/fixtures/activity-pasted-source": {
      "name": "@fixture/activity-pasted-source",
      "version": "1.0.0",
      "extraneous": true,
      "peerDependencies": {
        "@live-agency-skills/source-provider-api": "^1.0.0"
      }
    }
  }
}
